webtyp.com/context v0.0.23 h1:T+lH+UteRAPD6gLH8oxW0TBr5aZlJwgfIpmnA4DdFSY=
webtyp.com/context v0.0.23/go.mod h1:SXtpX0NmsG9zoL9B2uYVPy0ZfmXl0C1zyjQkYmuz38Q=
webtyp.com/fetch v0.1.28 h1:Tb8NUBp/5tLWI22U0lg/YPrR1hJtR05a8VUC5UrXyns=
webtyp.com/fetch v0.1.28/go.mod h1:ZX35mkKiyfjnJE9Ix9N+IT1ebFRTLm2fKbU0+eZ2XlA=
webtyp.com/fmt v1.0.0 h1:W0vMMGC6ezg1q2LarAEaVnNvZ26hVqzZdQQH1wcNogM=
webtyp.com/fmt v1.0.0/go.mod h1:FmTxx713R45J21kbH5JOmKGaaCap3fJPA9Yl2n4Ch7U=
webtyp.com/model v0.2.0 h1:fhnpWAxT2ss0bQ05uoVA+ZclEvHcRHwHn/pWH31dj0w=
webtyp.com/model v0.2.0/go.mod h1:OkyYeE3GOG8eAQGhd9wVsORAhr+xYj3q8avpoGXG25c=
webtyp.com/storage v0.1.1 h1:8RgDEpdaVfLjX+ttl8ltEp8ZPl9Hq56BxpJp8YraN8o=
webtyp.com/storage v0.1.1/go.mod h1:mh9CB3BbNXGvw+oNBJlUNOpBQ5dMZAS1gAFQamq7H2k=
webtyp.com/weights v0.1.0 h1:yykXtxzbs8onP9gQbBtC/JTYkl7c+SypgPqLu74d7X4=
webtyp.com/weights v0.1.0/go.mod h1:6Crb2n3MKU9IJHsFBEY963D/0mkWlrx9mY1WrYMQ1T8=
